
Microsoft Visual Studio Solution File, Format Version 12.00
# Visual Studio Version 17
VisualStudioVersion = 17.4.33110.190
MinimumVisualStudioVersion = 10.0.40219.1
Project("{FAE04EC0-301F-11D3-BF4B-00C04F79EFBC}") = "MinhHelper", "MinhHelper.csproj", "{49EF08D0-38D8-4166-85E7-519F1EFA5685}"
EndProject
Project("{FAE04EC0-301F-11D3-BF4B-00C04F79EFBC}") = "MinhHelper.nUnitTests", "..\MinhHelper.nUnitTests\MinhHelper.nUnitTests.csproj", "{390B0871-B881-4ECB-812F-D8156902344C}"
EndProject
Global
	GlobalSection(SolutionConfigurationPlatforms) = preSolution
		Debug|Any CPU = Debug|Any CPU
		Release|Any CPU = Release|Any CPU
	EndGlobalSection
	GlobalSection(ProjectConfigurationPlatforms) = postSolution
		{49EF08D0-38D8-4166-85E7-519F1EFA5685}.Debug|Any CPU.ActiveCfg = Debug|Any CPU
		{49EF08D0-38D8-4166-85E7-519F1EFA5685}.Debug|Any CPU.Build.0 = Debug|Any CPU
		{49EF08D0-38D8-4166-85E7-519F1EFA5685}.Release|Any CPU.ActiveCfg = Release|Any CPU
		{49EF08D0-38D8-4166-85E7-519F1EFA5685}.Release|Any CPU.Build.0 = Release|Any CPU
		{390B0871-B881-4ECB-812F-D8156902344C}.Debug|Any CPU.ActiveCfg = Debug|Any CPU
		{390B0871-B881-4ECB-812F-D8156902344C}.Debug|Any CPU.Build.0 = Debug|Any CPU
		{390B0871-B881-4ECB-812F-D8156902344C}.Release|Any CPU.ActiveCfg = Release|Any CPU
		{390B0871-B881-4ECB-812F-D8156902344C}.Release|Any CPU.Build.0 = Release|Any CPU
	EndGlobalSection
	GlobalSection(SolutionProperties) = preSolution
		HideSolutionNode = FALSE
	EndGlobalSection
	GlobalSection(ExtensibilityGlobals) = postSolution
		SolutionGuid = {367B1620-CC5F-454F-B6BE-1D94594F5E71}
	EndGlobalSection
EndGlobal
